
Microsoft Visual Studio Solution File, Format Version 12.00
# Visual Studio Version 16
VisualStudioVersion = 16.0.30114.105
MinimumVisualStudioVersion = 10.0.40219.1
Project("{FAE04EC0-301F-11D3-BF4B-00C04F79EFBC}") = "Akka.Streams.KafkaDemo.Producer", "src\Akka.Streams.KafkaDemo.Producer\Akka.Streams.KafkaDemo.Producer.csproj", "{F68F72D6-D34B-492E-984A-58CD43AB9076}"
EndProject
Project("{FAE04EC0-301F-11D3-BF4B-00C04F79EFBC}") = "Akka.Streams.KafkaDemo.Consumer", "src\Akka.Streams.KafkaDemo.Consumer\Akka.Streams.KafkaDemo.Consumer.csproj", "{E5B19B58-2665-431E-85DB-5FD472B7F627}"
EndProject
Global
	GlobalSection(SolutionConfigurationPlatforms) = preSolution
		Debug|Any CPU = Debug|Any CPU
		Debug|x64 = Debug|x64
		Debug|x86 = Debug|x86
		Release|Any CPU = Release|Any CPU
		Release|x64 = Release|x64
		Release|x86 = Release|x86
	EndGlobalSection
	GlobalSection(SolutionProperties) = preSolution
		HideSolutionNode = FALSE
	EndGlobalSection
	GlobalSection(ProjectConfigurationPlatforms) = postSolution
		{F68F72D6-D34B-492E-984A-58CD43AB9076}.Debug|Any CPU.ActiveCfg = Debug|Any CPU
		{F68F72D6-D34B-492E-984A-58CD43AB9076}.Debug|Any CPU.Build.0 = Debug|Any CPU
		{F68F72D6-D34B-492E-984A-58CD43AB9076}.Debug|x64.ActiveCfg = Debug|Any CPU
		{F68F72D6-D34B-492E-984A-58CD43AB9076}.Debug|x64.Build.0 = Debug|Any CPU
		{F68F72D6-D34B-492E-984A-58CD43AB9076}.Debug|x86.ActiveCfg = Debug|Any CPU
		{F68F72D6-D34B-492E-984A-58CD43AB9076}.Debug|x86.Build.0 = Debug|Any CPU
		{F68F72D6-D34B-492E-984A-58CD43AB9076}.Release|Any CPU.ActiveCfg = Release|Any CPU
		{F68F72D6-D34B-492E-984A-58CD43AB9076}.Release|Any CPU.Build.0 = Release|Any CPU
		{F68F72D6-D34B-492E-984A-58CD43AB9076}.Release|x64.ActiveCfg = Release|Any CPU
		{F68F72D6-D34B-492E-984A-58CD43AB9076}.Release|x64.Build.0 = Release|Any CPU
		{F68F72D6-D34B-492E-984A-58CD43AB9076}.Release|x86.ActiveCfg = Release|Any CPU
		{F68F72D6-D34B-492E-984A-58CD43AB9076}.Release|x86.Build.0 = Release|Any CPU
		{E5B19B58-2665-431E-85DB-5FD472B7F627}.Debug|Any CPU.ActiveCfg = Debug|Any CPU
		{E5B19B58-2665-431E-85DB-5FD472B7F627}.Debug|Any CPU.Build.0 = Debug|Any CPU
		{E5B19B58-2665-431E-85DB-5FD472B7F627}.Debug|x64.ActiveCfg = Debug|Any CPU
		{E5B19B58-2665-431E-85DB-5FD472B7F627}.Debug|x64.Build.0 = Debug|Any CPU
		{E5B19B58-2665-431E-85DB-5FD472B7F627}.Debug|x86.ActiveCfg = Debug|Any CPU
		{E5B19B58-2665-431E-85DB-5FD472B7F627}.Debug|x86.Build.0 = Debug|Any CPU
		{E5B19B58-2665-431E-85DB-5FD472B7F627}.Release|Any CPU.ActiveCfg = Release|Any CPU
		{E5B19B58-2665-431E-85DB-5FD472B7F627}.Release|Any CPU.Build.0 = Release|Any CPU
		{E5B19B58-2665-431E-85DB-5FD472B7F627}.Release|x64.ActiveCfg = Release|Any CPU
		{E5B19B58-2665-431E-85DB-5FD472B7F627}.Release|x64.Build.0 = Release|Any CPU
		{E5B19B58-2665-431E-85DB-5FD472B7F627}.Release|x86.ActiveCfg = Release|Any CPU
		{E5B19B58-2665-431E-85DB-5FD472B7F627}.Release|x86.Build.0 = Release|Any CPU
	EndGlobalSection
EndGlobal
